
Microsoft Visual Studio Solution File, Format Version 12.00
# Visual Studio Version 17
VisualStudioVersion = 17.9.34728.123
MinimumVisualStudioVersion = 10.0.40219.1
Project("{FAE04EC0-301F-11D3-BF4B-00C04F79EFBC}") = "FinalProject(v2)", "FinalProject(v2)\FinalProject(v2).csproj", "{8C38EBB1-4718-497F-805B-A6C2D23DEC09}"
EndProject
Global
	GlobalSection(SolutionConfigurationPlatforms) = preSolution
		Debug|Any CPU = Debug|Any CPU
		Release|Any CPU = Release|Any CPU
	EndGlobalSection
	GlobalSection(ProjectConfigurationPlatforms) = postSolution
		{8C38EBB1-4718-497F-805B-A6C2D23DEC09}.Debug|Any CPU.ActiveCfg = Debug|Any CPU
		{8C38EBB1-4718-497F-805B-A6C2D23DEC09}.Debug|Any CPU.Build.0 = Debug|Any CPU
		{8C38EBB1-4718-497F-805B-A6C2D23DEC09}.Release|Any CPU.ActiveCfg = Release|Any CPU
		{8C38EBB1-4718-497F-805B-A6C2D23DEC09}.Release|Any CPU.Build.0 = Release|Any CPU
	EndGlobalSection
	GlobalSection(SolutionProperties) = preSolution
		HideSolutionNode = FALSE
	EndGlobalSection
	GlobalSection(ExtensibilityGlobals) = postSolution
		SolutionGuid = {D73F81DC-3610-426F-A09A-B8F2DE5D201B}
	EndGlobalSection
EndGlobal
